// !$*UTF8*$!
{
	archiveVersion = 1;
	classes = {
	};
	objectVersion = 50;
	objects = {

/* Begin PBXBuildFile section */
		38ABB87E24EF8C6800E55BD3 /* main.swift in Sources */ = {isa = PBXBuildFile; fileRef = 38ABB87D24EF8C6800E55BD3 /* main.swift */; };
/* End PBXBuildFile section */

/* Begin PBXCopyFilesBuildPhase section */
		38117CCC24DD173300C81084 /* CopyFiles */ = {
			isa = PBXCopyFilesBuildPhase;
			buildActionMask = 2147483647;
			dstPath = /usr/share/man/man1/;
			dstSubfolderSpec = 0;
			files = (
			);
			runOnlyForDeploymentPostprocessing = 1;
		};
/* End PBXCopyFilesBuildPhase section */

/* Begin PBXFileReference section */
		38117CCE24DD173300C81084 /* Design_Pattern */ = {isa = PBXFileReference; explicitFileType = "compiled.mach-o.executable"; includeInIndex = 0; path = Design_Pattern; sourceTree = BUILT_PRODUCTS_DIR; };
		382E019F2518696900A20186 /* 桥接 Bridge.playground */ = {isa = PBXFileReference; lastKnownFileType = file.playground; path = "桥接 Bridge.playground"; sourceTree = "<group>"; xcLanguageSpecificationIdentifier = xcode.lang.swift; };
		38396D9824E655AD00B374EE /* 抽象工厂 Abstract Factory.playground */ = {isa = PBXFileReference; lastKnownFileType = file.playground; path = "抽象工厂 Abstract Factory.playground"; sourceTree = "<group>"; xcLanguageSpecificationIdentifier = xcode.lang.swift; };
		38817B4924FF60E60055EDAF /* 原型 Prototype.playground */ = {isa = PBXFileReference; lastKnownFileType = file.playground; path = "原型 Prototype.playground"; sourceTree = "<group>"; xcLanguageSpecificationIdentifier = xcode.lang.swift; };
		388251A6250895E400DE51EF /* 单例 Singleton.playground */ = {isa = PBXFileReference; lastKnownFileType = file.playground; path = "单例 Singleton.playground"; sourceTree = "<group>"; xcLanguageSpecificationIdentifier = xcode.lang.swift; };
		38A7DED824F8C76C001ED461 /* 工厂方法 Factory Method.playground */ = {isa = PBXFileReference; lastKnownFileType = file.playground; path = "工厂方法 Factory Method.playground"; sourceTree = "<group>"; xcLanguageSpecificationIdentifier = xcode.lang.swift; };
		38ABB87D24EF8C6800E55BD3 /* main.swift */ = {isa = PBXFileReference; fileEncoding = 4; lastKnownFileType = sourcecode.swift; name = main.swift; path = "Design_Pattern/对象创建型模式/建造者 Builder.playground/Resources/main.swift"; sourceTree = "<group>"; };
		38BEAFE124ECEA4900F7CBA1 /* 建造者 Builder.playground */ = {isa = PBXFileReference; lastKnownFileType = file.playground; path = "建造者 Builder.playground"; sourceTree = "<group>"; xcLanguageSpecificationIdentifier = xcode.lang.swift; };
		38C55848250F2F880072DA6C /* 适配器 Adapter.playground */ = {isa = PBXFileReference; lastKnownFileType = file.playground; path = "适配器 Adapter.playground"; sourceTree = "<group>"; xcLanguageSpecificationIdentifier = xcode.lang.swift; };
/* End PBXFileReference section */

/* Begin PBXFrameworksBuildPhase section */
		38117CCB24DD173300C81084 /* Frameworks */ = {
			isa = PBXFrameworksBuildPhase;
			buildActionMask = 2147483647;
			files = (
			);
			runOnlyForDeploymentPostprocessing = 0;
		};
/* End PBXFrameworksBuildPhase section */

/* Begin PBXGroup section */
		38117CC524DD173200C81084 = {
			isa = PBXGroup;
			children = (
				38ABB87D24EF8C6800E55BD3 /* main.swift */,
				38117CD024DD173300C81084 /* Design_Pattern */,
				38117CCF24DD173300C81084 /* Products */,
			);
			sourceTree = "<group>";
		};
		38117CCF24DD173300C81084 /* Products */ = {
			isa = PBXGroup;
			children = (
				38117CCE24DD173300C81084 /* Design_Pattern */,
			);
			name = Products;
			sourceTree = "<group>";
		};
		38117CD024DD173300C81084 /* Design_Pattern */ = {
			isa = PBXGroup;
			children = (
				38117CD824DD173500C81084 /* 对象创建型模式 */,
				38C55845250F2F5D0072DA6C /* 结构型模式 */,
			);
			path = Design_Pattern;
			sourceTree = "<group>";
		};
		38117CD824DD173500C81084 /* 对象创建型模式 */ = {
			isa = PBXGroup;
			children = (
				38396D9824E655AD00B374EE /* 抽象工厂 Abstract Factory.playground */,
				38BEAFE124ECEA4900F7CBA1 /* 建造者 Builder.playground */,
				38A7DED824F8C76C001ED461 /* 工厂方法 Factory Method.playground */,
				38817B4924FF60E60055EDAF /* 原型 Prototype.playground */,
				388251A6250895E400DE51EF /* 单例 Singleton.playground */,
			);
			path = "对象创建型模式";
			sourceTree = "<group>";
		};
		38C55845250F2F5D0072DA6C /* 结构型模式 */ = {
			isa = PBXGroup;
			children = (
				38C55848250F2F880072DA6C /* 适配器 Adapter.playground */,
				382E019F2518696900A20186 /* 桥接 Bridge.playground */,
			);
			path = "结构型模式";
			sourceTree = "<group>";
		};
/* End PBXGroup section */

/* Begin PBXNativeTarget section */
		38117CCD24DD173300C81084 /* Design_Pattern */ = {
			isa = PBXNativeTarget;
			buildConfigurationList = 38117CD524DD173300C81084 /* Build configuration list for PBXNativeTarget "Design_Pattern" */;
			buildPhases = (
				38117CCA24DD173300C81084 /* Sources */,
				38117CCB24DD173300C81084 /* Frameworks */,
				38117CCC24DD173300C81084 /* CopyFiles */,
			);
			buildRules = (
			);
			dependencies = (
			);
			name = Design_Pattern;
			productName = Design_Pattern;
			productReference = 38117CCE24DD173300C81084 /* Design_Pattern */;
			productType = "com.apple.product-type.tool";
		};
/* End PBXNativeTarget section */

/* Begin PBXProject section */
		38117CC624DD173200C81084 /* Project object */ = {
			isa = PBXProject;
			attributes = {
				LastSwiftUpdateCheck = 1160;
				LastUpgradeCheck = 1160;
				ORGANIZATIONNAME = plum;
				TargetAttributes = {
					38117CCD24DD173300C81084 = {
						CreatedOnToolsVersion = 11.6;
					};
				};
			};
			buildConfigurationList = 38117CC924DD173200C81084 /* Build configuration list for PBXProject "Design_Pattern" */;
			compatibilityVersion = "Xcode 9.3";
			developmentRegion = en;
			hasScannedForEncodings = 0;
			knownRegions = (
				en,
				Base,
			);
			mainGroup = 38117CC524DD173200C81084;
			productRefGroup = 38117CCF24DD173300C81084 /* Products */;
			projectDirPath = "";
			projectRoot = "";
			targets = (
				38117CCD24DD173300C81084 /* Design_Pattern */,
			);
		};
/* End PBXProject section */

/* Begin PBXSourcesBuildPhase section */
		38117CCA24DD173300C81084 /* Sources */ = {
			isa = PBXSourcesBuildPhase;
			buildActionMask = 2147483647;
			files = (
				38ABB87E24EF8C6800E55BD3 /* main.swift in Sources */,
			);
			runOnlyForDeploymentPostprocessing = 0;
		};
/* End PBXSourcesBuildPhase section */

/* Begin XCBuildConfiguration section */
		38117CD324DD173300C81084 /* Debug */ = {
			isa = XCBuildConfiguration;
			buildSettings = {
				ALWAYS_SEARCH_USER_PATHS = NO;
				CLANG_ANALYZER_NONNULL = YES;
				CLANG_ANALYZER_NUMBER_OBJECT_CONVERSION = YES_AGGRESSIVE;
				CLANG_CXX_LANGUAGE_STANDARD = "gnu++14";
				CLANG_CXX_LIBRARY = "libc++";
				CLANG_ENABLE_MODULES = YES;
				CLANG_ENABLE_OBJC_ARC = YES;
				CLANG_ENABLE_OBJC_WEAK = YES;
				CLANG_WARN_BLOCK_CAPTURE_AUTORELEASING = YES;
				CLANG_WARN_BOOL_CONVERSION = YES;
				CLANG_WARN_COMMA = YES;
				CLANG_WARN_CONSTANT_CONVERSION = YES;
				CLANG_WARN_DEPRECATED_OBJC_IMPLEMENTATIONS = YES;
				CLANG_WARN_DIRECT_OBJC_ISA_USAGE = YES_ERROR;
				CLANG_WARN_DOCUMENTATION_COMMENTS = YES;
				CLANG_WARN_EMPTY_BODY = YES;
				CLANG_WARN_ENUM_CONVERSION = YES;
				CLANG_WARN_INFINITE_RECURSION = YES;
				CLANG_WARN_INT_CONVERSION = YES;
				CLANG_WARN_NON_LITERAL_NULL_CONVERSION = YES;
				CLANG_WARN_OBJC_IMPLICIT_RETAIN_SELF = YES;
				CLANG_WARN_OBJC_LITERAL_CONVERSION = YES;
				CLANG_WARN_OBJC_ROOT_CLASS = YES_ERROR;
				CLANG_WARN_RANGE_LOOP_ANALYSIS = YES;
				CLANG_WARN_STRICT_PROTOTYPES = YES;
				CLANG_WARN_SUSPICIOUS_MOVE = YES;
				CLANG_WARN_UNGUARDED_AVAILABILITY = YES_AGGRESSIVE;
				CLANG_WARN_UNREACHABLE_CODE = YES;
				CLANG_WARN__DUPLICATE_METHOD_MATCH = YES;
				COPY_PHASE_STRIP = NO;
				DEBUG_INFORMATION_FORMAT = dwarf;
				ENABLE_STRICT_OBJC_MSGSEND = YES;
				ENABLE_TESTABILITY = YES;
				GCC_C_LANGUAGE_STANDARD = gnu11;
				GCC_DYNAMIC_NO_PIC = NO;
				GCC_NO_COMMON_BLOCKS = YES;
				GCC_OPTIMIZATION_LEVEL = 0;
				GCC_PREPROCESSOR_DEFINITIONS = (
					"DEBUG=1",
					"$(inherited)",
				);
				GCC_WARN_64_TO_32_BIT_CONVERSION = YES;
				GCC_WARN_ABOUT_RETURN_TYPE = YES_ERROR;
				GCC_WARN_UNDECLARED_SELECTOR = YES;
				GCC_WARN_UNINITIALIZED_AUTOS = YES_AGGRESSIVE;
				GCC_WARN_UNUSED_FUNCTION = YES;
				GCC_WARN_UNUSED_VARIABLE = YES;
				MACOSX_DEPLOYMENT_TARGET = 10.15;
				MTL_ENABLE_DEBUG_INFO = INCLUDE_SOURCE;
				MTL_FAST_MATH = YES;
				ONLY_ACTIVE_ARCH = YES;
				SDKROOT = macosx;
				SWIFT_ACTIVE_COMPILATION_CONDITIONS = DEBUG;
				SWIFT_OPTIMIZATION_LEVEL = "-Onone";
			};
			name = Debug;
		};
		38117CD424DD173300C81084 /* Release */ = {
			isa = XCBuildConfiguration;
			buildSettings = {
				ALWAYS_SEARCH_USER_PATHS = NO;
				CLANG_ANALYZER_NONNULL = YES;
				CLANG_ANALYZER_NUMBER_OBJECT_CONVERSION = YES_AGGRESSIVE;
				CLANG_CXX_LANGUAGE_STANDARD = "gnu++14";
				CLANG_CXX_LIBRARY = "libc++";
				CLANG_ENABLE_MODULES = YES;
				CLANG_ENABLE_OBJC_ARC = YES;
				CLANG_ENABLE_OBJC_WEAK = YES;
				CLANG_WARN_BLOCK_CAPTURE_AUTORELEASING = YES;
				CLANG_WARN_BOOL_CONVERSION = YES;
				CLANG_WARN_COMMA = YES;
				CLANG_WARN_CONSTANT_CONVERSION = YES;
				CLANG_WARN_DEPRECATED_OBJC_IMPLEMENTATIONS = YES;
				CLANG_WARN_DIRECT_OBJC_ISA_USAGE = YES_ERROR;
				CLANG_WARN_DOCUMENTATION_COMMENTS = YES;
				CLANG_WARN_EMPTY_BODY = YES;
				CLANG_WARN_ENUM_CONVERSION = YES;
				CLANG_WARN_INFINITE_RECURSION = YES;
				CLANG_WARN_INT_CONVERSION = YES;
				CLANG_WARN_NON_LITERAL_NULL_CONVERSION = YES;
				CLANG_WARN_OBJC_IMPLICIT_RETAIN_SELF = YES;
				CLANG_WARN_OBJC_LITERAL_CONVERSION = YES;
				CLANG_WARN_OBJC_ROOT_CLASS = YES_ERROR;
				CLANG_WARN_RANGE_LOOP_ANALYSIS = YES;
				CLANG_WARN_STRICT_PROTOTYPES = YES;
				CLANG_WARN_SUSPICIOUS_MOVE = YES;
				CLANG_WARN_UNGUARDED_AVAILABILITY = YES_AGGRESSIVE;
				CLANG_WARN_UNREACHABLE_CODE = YES;
				CLANG_WARN__DUPLICATE_METHOD_MATCH = YES;
				COPY_PHASE_STRIP = NO;
				DEBUG_INFORMATION_FORMAT = "dwarf-with-dsym";
				ENABLE_NS_ASSERTIONS = NO;
				ENABLE_STRICT_OBJC_MSGSEND = YES;
				GCC_C_LANGUAGE_STANDARD = gnu11;
				GCC_NO_COMMON_BLOCKS = YES;
				GCC_WARN_64_TO_32_BIT_CONVERSION = YES;
				GCC_WARN_ABOUT_RETURN_TYPE = YES_ERROR;
				GCC_WARN_UNDECLARED_SELECTOR = YES;
				GCC_WARN_UNINITIALIZED_AUTOS = YES_AGGRESSIVE;
				GCC_WARN_UNUSED_FUNCTION = YES;
				GCC_WARN_UNUSED_VARIABLE = YES;
				MACOSX_DEPLOYMENT_TARGET = 10.15;
				MTL_ENABLE_DEBUG_INFO = NO;
				MTL_FAST_MATH = YES;
				SDKROOT = macosx;
				SWIFT_COMPILATION_MODE = wholemodule;
				SWIFT_OPTIMIZATION_LEVEL = "-O";
			};
			name = Release;
		};
		38117CD624DD173300C81084 /* Debug */ = {
			isa = XCBuildConfiguration;
			buildSettings = {
				CODE_SIGN_STYLE = Automatic;
				PRODUCT_NAME = "$(TARGET_NAME)";
				SWIFT_VERSION = 5.0;
			};
			name = Debug;
		};
		38117CD724DD173300C81084 /* Release */ = {
			isa = XCBuildConfiguration;
			buildSettings = {
				CODE_SIGN_STYLE = Automatic;
				PRODUCT_NAME = "$(TARGET_NAME)";
				SWIFT_VERSION = 5.0;
			};
			name = Release;
		};
/* End XCBuildConfiguration section */

/* Begin XCConfigurationList section */
		38117CC924DD173200C81084 /* Build configuration list for PBXProject "Design_Pattern" */ = {
			isa = XCConfigurationList;
			buildConfigurations = (
				38117CD324DD173300C81084 /* Debug */,
				38117CD424DD173300C81084 /* Release */,
			);
			defaultConfigurationIsVisible = 0;
			defaultConfigurationName = Release;
		};
		38117CD524DD173300C81084 /* Build configuration list for PBXNativeTarget "Design_Pattern" */ = {
			isa = XCConfigurationList;
			buildConfigurations = (
				38117CD624DD173300C81084 /* Debug */,
				38117CD724DD173300C81084 /* Release */,
			);
			defaultConfigurationIsVisible = 0;
			defaultConfigurationName = Release;
		};
/* End XCConfigurationList section */
	};
	rootObject = 38117CC624DD173200C81084 /* Project object */;
}
